
Microsoft Visual Studio Solution File, Format Version 11.00
# Visual Studio 2010
Project("{FAE04EC0-301F-11D3-BF4B-00C04F79EFBC}") = "AirstrikePhotonServer", "AirstrikePhotonServer\AirstrikePhotonServer.csproj", "{B3444AD9-9F07-488C-9DFB-A481A948BDBC}"
EndProject
Project("{FAE04EC0-301F-11D3-BF4B-00C04F79EFBC}") = "AirstrikePhotonClient", "AirstrikePhotonClient\AirstrikePhotonClient.csproj", "{CDF77B05-C04F-4BDA-9F84-BE740223638B}"
EndProject
Project("{FAE04EC0-301F-11D3-BF4B-00C04F79EFBC}") = "AirstrikePhotonClient2", "AirstrikePhotonClient2\AirstrikePhotonClient2.csproj", "{64C1F3B5-309D-48F6-A128-2E4AB167CBD9}"
EndProject
Global
	GlobalSection(SolutionConfigurationPlatforms) = preSolution
		Debug|Any CPU = Debug|Any CPU
		Debug|Mixed Platforms = Debug|Mixed Platforms
		Debug|x86 = Debug|x86
		Release|Any CPU = Release|Any CPU
		Release|Mixed Platforms = Release|Mixed Platforms
		Release|x86 = Release|x86
	EndGlobalSection
	GlobalSection(ProjectConfigurationPlatforms) = postSolution
		{B3444AD9-9F07-488C-9DFB-A481A948BDBC}.Debug|Any CPU.ActiveCfg = Debug|Any CPU
		{B3444AD9-9F07-488C-9DFB-A481A948BDBC}.Debug|Any CPU.Build.0 = Debug|Any CPU
		{B3444AD9-9F07-488C-9DFB-A481A948BDBC}.Debug|Mixed Platforms.ActiveCfg = Debug|Any CPU
		{B3444AD9-9F07-488C-9DFB-A481A948BDBC}.Debug|Mixed Platforms.Build.0 = Debug|Any CPU
		{B3444AD9-9F07-488C-9DFB-A481A948BDBC}.Debug|x86.ActiveCfg = Debug|Any CPU
		{B3444AD9-9F07-488C-9DFB-A481A948BDBC}.Release|Any CPU.ActiveCfg = Release|Any CPU
		{B3444AD9-9F07-488C-9DFB-A481A948BDBC}.Release|Any CPU.Build.0 = Release|Any CPU
		{B3444AD9-9F07-488C-9DFB-A481A948BDBC}.Release|Mixed Platforms.ActiveCfg = Release|Any CPU
		{B3444AD9-9F07-488C-9DFB-A481A948BDBC}.Release|Mixed Platforms.Build.0 = Release|Any CPU
		{B3444AD9-9F07-488C-9DFB-A481A948BDBC}.Release|x86.ActiveCfg = Release|Any CPU
		{CDF77B05-C04F-4BDA-9F84-BE740223638B}.Debug|Any CPU.ActiveCfg = Debug|x86
		{CDF77B05-C04F-4BDA-9F84-BE740223638B}.Debug|Mixed Platforms.ActiveCfg = Debug|x86
		{CDF77B05-C04F-4BDA-9F84-BE740223638B}.Debug|Mixed Platforms.Build.0 = Debug|x86
		{CDF77B05-C04F-4BDA-9F84-BE740223638B}.Debug|x86.ActiveCfg = Debug|x86
		{CDF77B05-C04F-4BDA-9F84-BE740223638B}.Debug|x86.Build.0 = Debug|x86
		{CDF77B05-C04F-4BDA-9F84-BE740223638B}.Release|Any CPU.ActiveCfg = Release|x86
		{CDF77B05-C04F-4BDA-9F84-BE740223638B}.Release|Mixed Platforms.ActiveCfg = Release|x86
		{CDF77B05-C04F-4BDA-9F84-BE740223638B}.Release|Mixed Platforms.Build.0 = Release|x86
		{CDF77B05-C04F-4BDA-9F84-BE740223638B}.Release|x86.ActiveCfg = Release|x86
		{CDF77B05-C04F-4BDA-9F84-BE740223638B}.Release|x86.Build.0 = Release|x86
		{64C1F3B5-309D-48F6-A128-2E4AB167CBD9}.Debug|Any CPU.ActiveCfg = Debug|x86
		{64C1F3B5-309D-48F6-A128-2E4AB167CBD9}.Debug|Mixed Platforms.ActiveCfg = Debug|x86
		{64C1F3B5-309D-48F6-A128-2E4AB167CBD9}.Debug|Mixed Platforms.Build.0 = Debug|x86
		{64C1F3B5-309D-48F6-A128-2E4AB167CBD9}.Debug|x86.ActiveCfg = Debug|x86
		{64C1F3B5-309D-48F6-A128-2E4AB167CBD9}.Debug|x86.Build.0 = Debug|x86
		{64C1F3B5-309D-48F6-A128-2E4AB167CBD9}.Release|Any CPU.ActiveCfg = Release|x86
		{64C1F3B5-309D-48F6-A128-2E4AB167CBD9}.Release|Mixed Platforms.ActiveCfg = Release|x86
		{64C1F3B5-309D-48F6-A128-2E4AB167CBD9}.Release|Mixed Platforms.Build.0 = Release|x86
		{64C1F3B5-309D-48F6-A128-2E4AB167CBD9}.Release|x86.ActiveCfg = Release|x86
		{64C1F3B5-309D-48F6-A128-2E4AB167CBD9}.Release|x86.Build.0 = Release|x86
	EndGlobalSection
	GlobalSection(SolutionProperties) = preSolution
		HideSolutionNode = FALSE
	EndGlobalSection
EndGlobal
